// !$*UTF8*$!
{
	archiveVersion = 1;
	classes = {
	};
	objectVersion = 56;
	objects = {

/* Begin PBXBuildFile section */
		797AA0AB2A55C725008589AB /* TerminalApp.swift in Sources */ = {isa = PBXBuildFile; fileRef = 797AA0AA2A55C725008589AB /* TerminalApp.swift */; };
		797AA0AD2A55C725008589AB /* ContentView.swift in Sources */ = {isa = PBXBuildFile; fileRef = 797AA0AC2A55C725008589AB /* ContentView.swift */; };
		797AA0AF2A55C725008589AB /* Assets.xcassets in Resources */ = {isa = PBXBuildFile; fileRef = 797AA0AE2A55C725008589AB /* Assets.xcassets */; };
		797AA0B22A55C725008589AB /* Preview Assets.xcassets in Resources */ = {isa = PBXBuildFile; fileRef = 797AA0B12A55C725008589AB /* Preview Assets.xcassets */; };
		797AA0BD2A55C725008589AB /* TerminalTests.swift in Sources */ = {isa = PBXBuildFile; fileRef = 797AA0BC2A55C725008589AB /* TerminalTests.swift */; };
		797AA0C72A55C725008589AB /* TerminalUITests.swift in Sources */ = {isa = PBXBuildFile; fileRef = 797AA0C62A55C725008589AB /* TerminalUITests.swift */; };
		797AA0C92A55C725008589AB /* TerminalUITestsLaunchTests.swift in Sources */ = {isa = PBXBuildFile; fileRef = 797AA0C82A55C725008589AB /* TerminalUITestsLaunchTests.swift */; };
/* End PBXBuildFile section */

/* Begin PBXContainerItemProxy section */
		797AA0B92A55C725008589AB /* PBXContainerItemProxy */ = {
			isa = PBXContainerItemProxy;
			containerPortal = 797AA09F2A55C724008589AB /* Project object */;
			proxyType = 1;
			remoteGlobalIDString = 797AA0A62A55C725008589AB;
			remoteInfo = Terminal;
		};
		797AA0C32A55C725008589AB /* PBXContainerItemProxy */ = {
			isa = PBXContainerItemProxy;
			containerPortal = 797AA09F2A55C724008589AB /* Project object */;
			proxyType = 1;
			remoteGlobalIDString = 797AA0A62A55C725008589AB;
			remoteInfo = Terminal;
		};
/* End PBXContainerItemProxy section */

/* Begin PBXFileReference section */
		797AA0A72A55C725008589AB /* Terminal.app */ = {isa = PBXFileReference; explicitFileType = wrapper.application; includeInIndex = 0; path = Terminal.app; sourceTree = BUILT_PRODUCTS_DIR; };
		797AA0AA2A55C725008589AB /* TerminalApp.swift */ = {isa = PBXFileReference; lastKnownFileType = sourcecode.swift; path = TerminalApp.swift; sourceTree = "<group>"; };
		797AA0AC2A55C725008589AB /* ContentView.swift */ = {isa = PBXFileReference; lastKnownFileType = sourcecode.swift; path = ContentView.swift; sourceTree = "<group>"; };
		797AA0AE2A55C725008589AB /* Assets.xcassets */ = {isa = PBXFileReference; lastKnownFileType = folder.assetcatalog; path = Assets.xcassets; sourceTree = "<group>"; };
		797AA0B12A55C725008589AB /* Preview Assets.xcassets */ = {isa = PBXFileReference; lastKnownFileType = folder.assetcatalog; path = "Preview Assets.xcassets"; sourceTree = "<group>"; };
		797AA0B32A55C725008589AB /* Terminal.entitlements */ = {isa = PBXFileReference; lastKnownFileType = text.plist.entitlements; path = Terminal.entitlements; sourceTree = "<group>"; };
		797AA0B82A55C725008589AB /* TerminalTests.xctest */ = {isa = PBXFileReference; explicitFileType = wrapper.cfbundle; includeInIndex = 0; path = TerminalTests.xctest; sourceTree = BUILT_PRODUCTS_DIR; };
		797AA0BC2A55C725008589AB /* TerminalTests.swift */ = {isa = PBXFileReference; lastKnownFileType = sourcecode.swift; path = TerminalTests.swift; sourceTree = "<group>"; };
		797AA0C22A55C725008589AB /* TerminalUITests.xctest */ = {isa = PBXFileReference; explicitFileType = wrapper.cfbundle; includeInIndex = 0; path = TerminalUITests.xctest; sourceTree = BUILT_PRODUCTS_DIR; };
		797AA0C62A55C725008589AB /* TerminalUITests.swift */ = {isa = PBXFileReference; lastKnownFileType = sourcecode.swift; path = TerminalUITests.swift; sourceTree = "<group>"; };
		797AA0C82A55C725008589AB /* TerminalUITestsLaunchTests.swift */ = {isa = PBXFileReference; lastKnownFileType = sourcecode.swift; path = TerminalUITestsLaunchTests.swift; sourceTree = "<group>"; };
/* End PBXFileReference section */

/* Begin PBXFrameworksBuildPhase section */
		797AA0A42A55C725008589AB /* Frameworks */ = {
			isa = PBXFrameworksBuildPhase;
			buildActionMask = 2147483647;
			files = (
			);
			runOnlyForDeploymentPostprocessing = 0;
		};
		797AA0B52A55C725008589AB /* Frameworks */ = {
			isa = PBXFrameworksBuildPhase;
			buildActionMask = 2147483647;
			files = (
			);
			runOnlyForDeploymentPostprocessing = 0;
		};
		797AA0BF2A55C725008589AB /* Frameworks */ = {
			isa = PBXFrameworksBuildPhase;
			buildActionMask = 2147483647;
			files = (
			);
			runOnlyForDeploymentPostprocessing = 0;
		};
/* End PBXFrameworksBuildPhase section */

/* Begin PBXGroup section */
		797AA09E2A55C724008589AB = {
			isa = PBXGroup;
			children = (
				797AA0A92A55C725008589AB /* Terminal */,
				797AA0BB2A55C725008589AB /* TerminalTests */,
				797AA0C52A55C725008589AB /* TerminalUITests */,
				797AA0A82A55C725008589AB /* Products */,
			);
			sourceTree = "<group>";
		};
		797AA0A82A55C725008589AB /* Products */ = {
			isa = PBXGroup;
			children = (
				797AA0A72A55C725008589AB /* Terminal.app */,
				797AA0B82A55C725008589AB /* TerminalTests.xctest */,
				797AA0C22A55C725008589AB /* TerminalUITests.xctest */,
			);
			name = Products;
			sourceTree = "<group>";
		};
		797AA0A92A55C725008589AB /* Terminal */ = {
			isa = PBXGroup;
			children = (
				797AA0AA2A55C725008589AB /* TerminalApp.swift */,
				797AA0AC2A55C725008589AB /* ContentView.swift */,
				797AA0AE2A55C725008589AB /* Assets.xcassets */,
				797AA0B32A55C725008589AB /* Terminal.entitlements */,
				797AA0B02A55C725008589AB /* Preview Content */,
			);
			path = Terminal;
			sourceTree = "<group>";
		};
		797AA0B02A55C725008589AB /* Preview Content */ = {
			isa = PBXGroup;
			children = (
				797AA0B12A55C725008589AB /* Preview Assets.xcassets */,
			);
			path = "Preview Content";
			sourceTree = "<group>";
		};
		797AA0BB2A55C725008589AB /* TerminalTests */ = {
			isa = PBXGroup;
			children = (
				797AA0BC2A55C725008589AB /* TerminalTests.swift */,
			);
			path = TerminalTests;
			sourceTree = "<group>";
		};
		797AA0C52A55C725008589AB /* TerminalUITests */ = {
			isa = PBXGroup;
			children = (
				797AA0C62A55C725008589AB /* TerminalUITests.swift */,
				797AA0C82A55C725008589AB /* TerminalUITestsLaunchTests.swift */,
			);
			path = TerminalUITests;
			sourceTree = "<group>";
		};
/* End PBXGroup section */

/* Begin PBXNativeTarget section */
		797AA0A62A55C725008589AB /* Terminal */ = {
			isa = PBXNativeTarget;
			buildConfigurationList = 797AA0CC2A55C725008589AB /* Build configuration list for PBXNativeTarget "Terminal" */;
			buildPhases = (
				797AA0A32A55C725008589AB /* Sources */,
				797AA0A42A55C725008589AB /* Frameworks */,
				797AA0A52A55C725008589AB /* Resources */,
			);
			buildRules = (
			);
			dependencies = (
			);
			name = Terminal;
			productName = Terminal;
			productReference = 797AA0A72A55C725008589AB /* Terminal.app */;
			productType = "com.apple.product-type.application";
		};
		797AA0B72A55C725008589AB /* TerminalTests */ = {
			isa = PBXNativeTarget;
			buildConfigurationList = 797AA0CF2A55C725008589AB /* Build configuration list for PBXNativeTarget "TerminalTests" */;
			buildPhases = (
				797AA0B42A55C725008589AB /* Sources */,
				797AA0B52A55C725008589AB /* Frameworks */,
				797AA0B62A55C725008589AB /* Resources */,
			);
			buildRules = (
			);
			dependencies = (
				797AA0BA2A55C725008589AB /* PBXTargetDependency */,
			);
			name = TerminalTests;
			productName = TerminalTests;
			productReference = 797AA0B82A55C725008589AB /* TerminalTests.xctest */;
			productType = "com.apple.product-type.bundle.unit-test";
		};
		797AA0C12A55C725008589AB /* TerminalUITests */ = {
			isa = PBXNativeTarget;
			buildConfigurationList = 797AA0D22A55C725008589AB /* Build configuration list for PBXNativeTarget "TerminalUITests" */;
			buildPhases = (
				797AA0BE2A55C725008589AB /* Sources */,
				797AA0BF2A55C725008589AB /* Frameworks */,
				797AA0C02A55C725008589AB /* Resources */,
			);
			buildRules = (
			);
			dependencies = (
				797AA0C42A55C725008589AB /* PBXTargetDependency */,
			);
			name = TerminalUITests;
			productName = TerminalUITests;
			productReference = 797AA0C22A55C725008589AB /* TerminalUITests.xctest */;
			productType = "com.apple.product-type.bundle.ui-testing";
		};
/* End PBXNativeTarget section */

/* Begin PBXProject section */
		797AA09F2A55C724008589AB /* Project object */ = {
			isa = PBXProject;
			attributes = {
				BuildIndependentTargetsInParallel = 1;
				LastSwiftUpdateCheck = 1430;
				LastUpgradeCheck = 1430;
				TargetAttributes = {
					797AA0A62A55C725008589AB = {
						CreatedOnToolsVersion = 14.3.1;
					};
					797AA0B72A55C725008589AB = {
						CreatedOnToolsVersion = 14.3.1;
						TestTargetID = 797AA0A62A55C725008589AB;
					};
					797AA0C12A55C725008589AB = {
						CreatedOnToolsVersion = 14.3.1;
						TestTargetID = 797AA0A62A55C725008589AB;
					};
				};
			};
			buildConfigurationList = 797AA0A22A55C724008589AB /* Build configuration list for PBXProject "Terminal" */;
			compatibilityVersion = "Xcode 14.0";
			developmentRegion = en;
			hasScannedForEncodings = 0;
			knownRegions = (
				en,
				Base,
			);
			mainGroup = 797AA09E2A55C724008589AB;
			productRefGroup = 797AA0A82A55C725008589AB /* Products */;
			projectDirPath = "";
			projectRoot = "";
			targets = (
				797AA0A62A55C725008589AB /* Terminal */,
				797AA0B72A55C725008589AB /* TerminalTests */,
				797AA0C12A55C725008589AB /* TerminalUITests */,
			);
		};
/* End PBXProject section */

/* Begin PBXResourcesBuildPhase section */
		797AA0A52A55C725008589AB /* Resources */ = {
			isa = PBXResourcesBuildPhase;
			buildActionMask = 2147483647;
			files = (
				797AA0B22A55C725008589AB /* Preview Assets.xcassets in Resources */,
				797AA0AF2A55C725008589AB /* Assets.xcassets in Resources */,
			);
			runOnlyForDeploymentPostprocessing = 0;
		};
		797AA0B62A55C725008589AB /* Resources */ = {
			isa = PBXResourcesBuildPhase;
			buildActionMask = 2147483647;
			files = (
			);
			runOnlyForDeploymentPostprocessing = 0;
		};
		797AA0C02A55C725008589AB /* Resources */ = {
			isa = PBXResourcesBuildPhase;
			buildActionMask = 2147483647;
			files = (
			);
			runOnlyForDeploymentPostprocessing = 0;
		};
/* End PBXResourcesBuildPhase section */

/* Begin PBXSourcesBuildPhase section */
		797AA0A32A55C725008589AB /* Sources */ = {
			isa = PBXSourcesBuildPhase;
			buildActionMask = 2147483647;
			files = (
				797AA0AD2A55C725008589AB /* ContentView.swift in Sources */,
				797AA0AB2A55C725008589AB /* TerminalApp.swift in Sources */,
			);
			runOnlyForDeploymentPostprocessing = 0;
		};
		797AA0B42A55C725008589AB /* Sources */ = {
			isa = PBXSourcesBuildPhase;
			buildActionMask = 2147483647;
			files = (
				797AA0BD2A55C725008589AB /* TerminalTests.swift in Sources */,
			);
			runOnlyForDeploymentPostprocessing = 0;
		};
		797AA0BE2A55C725008589AB /* Sources */ = {
			isa = PBXSourcesBuildPhase;
			buildActionMask = 2147483647;
			files = (
				797AA0C92A55C725008589AB /* TerminalUITestsLaunchTests.swift in Sources */,
				797AA0C72A55C725008589AB /* TerminalUITests.swift in Sources */,
			);
			runOnlyForDeploymentPostprocessing = 0;
		};
/* End PBXSourcesBuildPhase section */

/* Begin PBXTargetDependency section */
		797AA0BA2A55C725008589AB /* PBXTargetDependency */ = {
			isa = PBXTargetDependency;
			target = 797AA0A62A55C725008589AB /* Terminal */;
			targetProxy = 797AA0B92A55C725008589AB /* PBXContainerItemProxy */;
		};
		797AA0C42A55C725008589AB /* PBXTargetDependency */ = {
			isa = PBXTargetDependency;
			target = 797AA0A62A55C725008589AB /* Terminal */;
			targetProxy = 797AA0C32A55C725008589AB /* PBXContainerItemProxy */;
		};
/* End PBXTargetDependency section */

/* Begin XCBuildConfiguration section */
		797AA0CA2A55C725008589AB /* Debug */ = {
			isa = XCBuildConfiguration;
			buildSettings = {
				ALWAYS_SEARCH_USER_PATHS = NO;
				CLANG_ANALYZER_NONNULL = YES;
				CLANG_ANALYZER_NUMBER_OBJECT_CONVERSION = YES_AGGRESSIVE;
				CLANG_CXX_LANGUAGE_STANDARD = "gnu++20";
				CLANG_ENABLE_MODULES = YES;
				CLANG_ENABLE_OBJC_ARC = YES;
				CLANG_ENABLE_OBJC_WEAK = YES;
				CLANG_WARN_BLOCK_CAPTURE_AUTORELEASING = YES;
				CLANG_WARN_BOOL_CONVERSION = YES;
				CLANG_WARN_COMMA = YES;
				CLANG_WARN_CONSTANT_CONVERSION = YES;
				CLANG_WARN_DEPRECATED_OBJC_IMPLEMENTATIONS = YES;
				CLANG_WARN_DIRECT_OBJC_ISA_USAGE = YES_ERROR;
				CLANG_WARN_DOCUMENTATION_COMMENTS = YES;
				CLANG_WARN_EMPTY_BODY = YES;
				CLANG_WARN_ENUM_CONVERSION = YES;
				CLANG_WARN_INFINITE_RECURSION = YES;
				CLANG_WARN_INT_CONVERSION = YES;
				CLANG_WARN_NON_LITERAL_NULL_CONVERSION = YES;
				CLANG_WARN_OBJC_IMPLICIT_RETAIN_SELF = YES;
				CLANG_WARN_OBJC_LITERAL_CONVERSION = YES;
				CLANG_WARN_OBJC_ROOT_CLASS = YES_ERROR;
				CLANG_WARN_QUOTED_INCLUDE_IN_FRAMEWORK_HEADER = YES;
				CLANG_WARN_RANGE_LOOP_ANALYSIS = YES;
				CLANG_WARN_STRICT_PROTOTYPES = YES;
				CLANG_WARN_SUSPICIOUS_MOVE = YES;
				CLANG_WARN_UNGUARDED_AVAILABILITY = YES_AGGRESSIVE;
				CLANG_WARN_UNREACHABLE_CODE = YES;
				CLANG_WARN__DUPLICATE_METHOD_MATCH = YES;
				COPY_PHASE_STRIP = NO;
				DEBUG_INFORMATION_FORMAT = dwarf;
				ENABLE_STRICT_OBJC_MSGSEND = YES;
				ENABLE_TESTABILITY = YES;
				GCC_C_LANGUAGE_STANDARD = gnu11;
				GCC_DYNAMIC_NO_PIC = NO;
				GCC_NO_COMMON_BLOCKS = YES;
				GCC_OPTIMIZATION_LEVEL = 0;
				GCC_PREPROCESSOR_DEFINITIONS = (
					"DEBUG=1",
					"$(inherited)",
				);
				GCC_WARN_64_TO_32_BIT_CONVERSION = YES;
				GCC_WARN_ABOUT_RETURN_TYPE = YES_ERROR;
				GCC_WARN_UNDECLARED_SELECTOR = YES;
				GCC_WARN_UNINITIALIZED_AUTOS = YES_AGGRESSIVE;
				GCC_WARN_UNUSED_FUNCTION = YES;
				GCC_WARN_UNUSED_VARIABLE = YES;
				MACOSX_DEPLOYMENT_TARGET = 13.3;
				MTL_ENABLE_DEBUG_INFO = INCLUDE_SOURCE;
				MTL_FAST_MATH = YES;
				ONLY_ACTIVE_ARCH = YES;
				SDKROOT = macosx;
				SWIFT_ACTIVE_COMPILATION_CONDITIONS = DEBUG;
				SWIFT_OPTIMIZATION_LEVEL = "-Onone";
			};
			name = Debug;
		};
		797AA0CB2A55C725008589AB /* Release */ = {
			isa = XCBuildConfiguration;
			buildSettings = {
				ALWAYS_SEARCH_USER_PATHS = NO;
				CLANG_ANALYZER_NONNULL = YES;
				CLANG_ANALYZER_NUMBER_OBJECT_CONVERSION = YES_AGGRESSIVE;
				CLANG_CXX_LANGUAGE_STANDARD = "gnu++20";
				CLANG_ENABLE_MODULES = YES;
				CLANG_ENABLE_OBJC_ARC = YES;
				CLANG_ENABLE_OBJC_WEAK = YES;
				CLANG_WARN_BLOCK_CAPTURE_AUTORELEASING = YES;
				CLANG_WARN_BOOL_CONVERSION = YES;
				CLANG_WARN_COMMA = YES;
				CLANG_WARN_CONSTANT_CONVERSION = YES;
				CLANG_WARN_DEPRECATED_OBJC_IMPLEMENTATIONS = YES;
				CLANG_WARN_DIRECT_OBJC_ISA_USAGE = YES_ERROR;
				CLANG_WARN_DOCUMENTATION_COMMENTS = YES;
				CLANG_WARN_EMPTY_BODY = YES;
				CLANG_WARN_ENUM_CONVERSION = YES;
				CLANG_WARN_INFINITE_RECURSION = YES;
				CLANG_WARN_INT_CONVERSION = YES;
				CLANG_WARN_NON_LITERAL_NULL_CONVERSION = YES;
				CLANG_WARN_OBJC_IMPLICIT_RETAIN_SELF = YES;
				CLANG_WARN_OBJC_LITERAL_CONVERSION = YES;
				CLANG_WARN_OBJC_ROOT_CLASS = YES_ERROR;
				CLANG_WARN_QUOTED_INCLUDE_IN_FRAMEWORK_HEADER = YES;
				CLANG_WARN_RANGE_LOOP_ANALYSIS = YES;
				CLANG_WARN_STRICT_PROTOTYPES = YES;
				CLANG_WARN_SUSPICIOUS_MOVE = YES;
				CLANG_WARN_UNGUARDED_AVAILABILITY = YES_AGGRESSIVE;
				CLANG_WARN_UNREACHABLE_CODE = YES;
				CLANG_WARN__DUPLICATE_METHOD_MATCH = YES;
				COPY_PHASE_STRIP = NO;
				DEBUG_INFORMATION_FORMAT = "dwarf-with-dsym";
				ENABLE_NS_ASSERTIONS = NO;
				ENABLE_STRICT_OBJC_MSGSEND = YES;
				GCC_C_LANGUAGE_STANDARD = gnu11;
				GCC_NO_COMMON_BLOCKS = YES;
				GCC_WARN_64_TO_32_BIT_CONVERSION = YES;
				GCC_WARN_ABOUT_RETURN_TYPE = YES_ERROR;
				GCC_WARN_UNDECLARED_SELECTOR = YES;
				GCC_WARN_UNINITIALIZED_AUTOS = YES_AGGRESSIVE;
				GCC_WARN_UNUSED_FUNCTION = YES;
				GCC_WARN_UNUSED_VARIABLE = YES;
				MACOSX_DEPLOYMENT_TARGET = 13.3;
				MTL_ENABLE_DEBUG_INFO = NO;
				MTL_FAST_MATH = YES;
				SDKROOT = macosx;
				SWIFT_COMPILATION_MODE = wholemodule;
				SWIFT_OPTIMIZATION_LEVEL = "-O";
			};
			name = Release;
		};
		797AA0CD2A55C725008589AB /* Debug */ = {
			isa = XCBuildConfiguration;
			buildSettings = {
				ASSETCATALOG_COMPILER_APPICON_NAME = AppIcon;
				ASSETCATALOG_COMPILER_GLOBAL_ACCENT_COLOR_NAME = AccentColor;
				CODE_SIGN_ENTITLEMENTS = Terminal/Terminal.entitlements;
				CODE_SIGN_STYLE = Automatic;
				COMBINE_HIDPI_IMAGES = YES;
				CURRENT_PROJECT_VERSION = 1;
				DEVELOPMENT_ASSET_PATHS = "\"Terminal/Preview Content\"";
				DEVELOPMENT_TEAM = XJX3ZHU2JH;
				ENABLE_HARDENED_RUNTIME = YES;
				ENABLE_PREVIEWS = YES;
				GENERATE_INFOPLIST_FILE = YES;
				INFOPLIST_KEY_NSHumanReadableCopyright = "";
				LD_RUNPATH_SEARCH_PATHS = (
					"$(inherited)",
					"@executable_path/../Frameworks",
				);
				MARKETING_VERSION = 1.0;
				PRODUCT_BUNDLE_IDENTIFIER = it.unicam.cs.mp.progettoesame.Terminal;
				PRODUCT_NAME = "$(TARGET_NAME)";
				SWIFT_EMIT_LOC_STRINGS = YES;
				SWIFT_VERSION = 5.0;
			};
			name = Debug;
		};
		797AA0CE2A55C725008589AB /* Release */ = {
			isa = XCBuildConfiguration;
			buildSettings = {
				ASSETCATALOG_COMPILER_APPICON_NAME = AppIcon;
				ASSETCATALOG_COMPILER_GLOBAL_ACCENT_COLOR_NAME = AccentColor;
				CODE_SIGN_ENTITLEMENTS = Terminal/Terminal.entitlements;
				CODE_SIGN_STYLE = Automatic;
				COMBINE_HIDPI_IMAGES = YES;
				CURRENT_PROJECT_VERSION = 1;
				DEVELOPMENT_ASSET_PATHS = "\"Terminal/Preview Content\"";
				DEVELOPMENT_TEAM = XJX3ZHU2JH;
				ENABLE_HARDENED_RUNTIME = YES;
				ENABLE_PREVIEWS = YES;
				GENERATE_INFOPLIST_FILE = YES;
				INFOPLIST_KEY_NSHumanReadableCopyright = "";
				LD_RUNPATH_SEARCH_PATHS = (
					"$(inherited)",
					"@executable_path/../Frameworks",
				);
				MARKETING_VERSION = 1.0;
				PRODUCT_BUNDLE_IDENTIFIER = it.unicam.cs.mp.progettoesame.Terminal;
				PRODUCT_NAME = "$(TARGET_NAME)";
				SWIFT_EMIT_LOC_STRINGS = YES;
				SWIFT_VERSION = 5.0;
			};
			name = Release;
		};
		797AA0D02A55C725008589AB /* Debug */ = {
			isa = XCBuildConfiguration;
			buildSettings = {
				ALWAYS_EMBED_SWIFT_STANDARD_LIBRARIES = YES;
				BUNDLE_LOADER = "$(TEST_HOST)";
				CODE_SIGN_STYLE = Automatic;
				CURRENT_PROJECT_VERSION = 1;
				DEVELOPMENT_TEAM = XJX3ZHU2JH;
				GENERATE_INFOPLIST_FILE = YES;
				MACOSX_DEPLOYMENT_TARGET = 13.3;
				MARKETING_VERSION = 1.0;
				PRODUCT_BUNDLE_IDENTIFIER = it.unicam.cs.mp.progettoesame.TerminalTests;
				PRODUCT_NAME = "$(TARGET_NAME)";
				SWIFT_EMIT_LOC_STRINGS = NO;
				SWIFT_VERSION = 5.0;
				TEST_HOST = "$(BUILT_PRODUCTS_DIR)/Terminal.app/$(BUNDLE_EXECUTABLE_FOLDER_PATH)/Terminal";
			};
			name = Debug;
		};
		797AA0D12A55C725008589AB /* Release */ = {
			isa = XCBuildConfiguration;
			buildSettings = {
				ALWAYS_EMBED_SWIFT_STANDARD_LIBRARIES = YES;
				BUNDLE_LOADER = "$(TEST_HOST)";
				CODE_SIGN_STYLE = Automatic;
				CURRENT_PROJECT_VERSION = 1;
				DEVELOPMENT_TEAM = XJX3ZHU2JH;
				GENERATE_INFOPLIST_FILE = YES;
				MACOSX_DEPLOYMENT_TARGET = 13.3;
				MARKETING_VERSION = 1.0;
				PRODUCT_BUNDLE_IDENTIFIER = it.unicam.cs.mp.progettoesame.TerminalTests;
				PRODUCT_NAME = "$(TARGET_NAME)";
				SWIFT_EMIT_LOC_STRINGS = NO;
				SWIFT_VERSION = 5.0;
				TEST_HOST = "$(BUILT_PRODUCTS_DIR)/Terminal.app/$(BUNDLE_EXECUTABLE_FOLDER_PATH)/Terminal";
			};
			name = Release;
		};
		797AA0D32A55C725008589AB /* Debug */ = {
			isa = XCBuildConfiguration;
			buildSettings = {
				ALWAYS_EMBED_SWIFT_STANDARD_LIBRARIES = YES;
				CODE_SIGN_STYLE = Automatic;
				CURRENT_PROJECT_VERSION = 1;
				DEVELOPMENT_TEAM = XJX3ZHU2JH;
				GENERATE_INFOPLIST_FILE = YES;
				MARKETING_VERSION = 1.0;
				PRODUCT_BUNDLE_IDENTIFIER = it.unicam.cs.mp.progettoesame.TerminalUITests;
				PRODUCT_NAME = "$(TARGET_NAME)";
				SWIFT_EMIT_LOC_STRINGS = NO;
				SWIFT_VERSION = 5.0;
				TEST_TARGET_NAME = Terminal;
			};
			name = Debug;
		};
		797AA0D42A55C725008589AB /* Release */ = {
			isa = XCBuildConfiguration;
			buildSettings = {
				ALWAYS_EMBED_SWIFT_STANDARD_LIBRARIES = YES;
				CODE_SIGN_STYLE = Automatic;
				CURRENT_PROJECT_VERSION = 1;
				DEVELOPMENT_TEAM = XJX3ZHU2JH;
				GENERATE_INFOPLIST_FILE = YES;
				MARKETING_VERSION = 1.0;
				PRODUCT_BUNDLE_IDENTIFIER = it.unicam.cs.mp.progettoesame.TerminalUITests;
				PRODUCT_NAME = "$(TARGET_NAME)";
				SWIFT_EMIT_LOC_STRINGS = NO;
				SWIFT_VERSION = 5.0;
				TEST_TARGET_NAME = Terminal;
			};
			name = Release;
		};
/* End XCBuildConfiguration section */

/* Begin XCConfigurationList section */
		797AA0A22A55C724008589AB /* Build configuration list for PBXProject "Terminal" */ = {
			isa = XCConfigurationList;
			buildConfigurations = (
				797AA0CA2A55C725008589AB /* Debug */,
				797AA0CB2A55C725008589AB /* Release */,
			);
			defaultConfigurationIsVisible = 0;
			defaultConfigurationName = Release;
		};
		797AA0CC2A55C725008589AB /* Build configuration list for PBXNativeTarget "Terminal" */ = {
			isa = XCConfigurationList;
			buildConfigurations = (
				797AA0CD2A55C725008589AB /* Debug */,
				797AA0CE2A55C725008589AB /* Release */,
			);
			defaultConfigurationIsVisible = 0;
			defaultConfigurationName = Release;
		};
		797AA0CF2A55C725008589AB /* Build configuration list for PBXNativeTarget "TerminalTests" */ = {
			isa = XCConfigurationList;
			buildConfigurations = (
				797AA0D02A55C725008589AB /* Debug */,
				797AA0D12A55C725008589AB /* Release */,
			);
			defaultConfigurationIsVisible = 0;
			defaultConfigurationName = Release;
		};
		797AA0D22A55C725008589AB /* Build configuration list for PBXNativeTarget "TerminalUITests" */ = {
			isa = XCConfigurationList;
			buildConfigurations = (
				797AA0D32A55C725008589AB /* Debug */,
				797AA0D42A55C725008589AB /* Release */,
			);
			defaultConfigurationIsVisible = 0;
			defaultConfigurationName = Release;
		};
/* End XCConfigurationList section */
	};
	rootObject = 797AA09F2A55C724008589AB /* Project object */;
}
