
Microsoft Visual Studio Solution File, Format Version 12.00
# Visual Studio Version 17
VisualStudioVersion = 17.6.33723.286
MinimumVisualStudioVersion = 10.0.40219.1
Project("{9A19103F-16F7-4668-BE54-9A1E7A4F7556}") = "TerminalWpf", "Terminal\TerminalWpf.csproj", "{D6AB75E8-19C4-4061-8190-68BCB9AA40F3}"
EndProject
Global
	GlobalSection(SolutionConfigurationPlatforms) = preSolution
		Debug|Any CPU = Debug|Any CPU
		Release|Any CPU = Release|Any CPU
	EndGlobalSection
	GlobalSection(ProjectConfigurationPlatforms) = postSolution
		{D6AB75E8-19C4-4061-8190-68BCB9AA40F3}.Debug|Any CPU.ActiveCfg = Debug|Any CPU
		{D6AB75E8-19C4-4061-8190-68BCB9AA40F3}.Debug|Any CPU.Build.0 = Debug|Any CPU
		{D6AB75E8-19C4-4061-8190-68BCB9AA40F3}.Release|Any CPU.ActiveCfg = Release|Any CPU
		{D6AB75E8-19C4-4061-8190-68BCB9AA40F3}.Release|Any CPU.Build.0 = Release|Any CPU
	EndGlobalSection
	GlobalSection(SolutionProperties) = preSolution
		HideSolutionNode = FALSE
	EndGlobalSection
	GlobalSection(ExtensibilityGlobals) = postSolution
		SolutionGuid = {757E9878-BF96-4E7F-8051-CDC5F8993AC2}
	EndGlobalSection
EndGlobal
